
Microsoft Visual Studio Solution File, Format Version 12.00
# Visual Studio Version 18
VisualStudioVersion = 18.4.11519.219
MinimumVisualStudioVersion = 10.0.40219.1
Project("{9A19103F-16F7-4668-BE54-9A1E7A4F7556}") = "MonoGame.FormMatter.OpenGL", "MonoGame.FormMatter.OpenGL\MonoGame.FormMatter.OpenGL.csproj", "{0B6C23C9-D3C9-4A1E-816F-858275C2506F}"
EndProject
Project("{2150E333-8FDC-42A3-9474-1A3956D46DE8}") = "Solution Items", "Solution Items", "{F0FA0848-0624-40D8-B9B3-8C2C75CC9797}"
	ProjectSection(SolutionItems) = preProject
		.gitignore = .gitignore
		.github\workflows\dotnet-desktop.yml = .github\workflows\dotnet-desktop.yml
		LICENSE.txt = LICENSE.txt
		README.md = README.md
	EndProjectSection
EndProject
Project("{FAE04EC0-301F-11D3-BF4B-00C04F79EFBC}") = "MonoGame.FormMatter.Builders", "MonoGame.FormMatter.Builders\MonoGame.FormMatter.Builders.csproj", "{E703E6B1-89D8-61BE-9B9C-7A96D8C0A83F}"
EndProject
Global
	GlobalSection(SolutionConfigurationPlatforms) = preSolution
		Debug|Any CPU = Debug|Any CPU
		Release|Any CPU = Release|Any CPU
	EndGlobalSection
	GlobalSection(ProjectConfigurationPlatforms) = postSolution
		{0B6C23C9-D3C9-4A1E-816F-858275C2506F}.Debug|Any CPU.ActiveCfg = Debug|Any CPU
		{0B6C23C9-D3C9-4A1E-816F-858275C2506F}.Debug|Any CPU.Build.0 = Debug|Any CPU
		{0B6C23C9-D3C9-4A1E-816F-858275C2506F}.Release|Any CPU.ActiveCfg = Release|Any CPU
		{0B6C23C9-D3C9-4A1E-816F-858275C2506F}.Release|Any CPU.Build.0 = Release|Any CPU
		{E703E6B1-89D8-61BE-9B9C-7A96D8C0A83F}.Debug|Any CPU.ActiveCfg = Debug|Any CPU
		{E703E6B1-89D8-61BE-9B9C-7A96D8C0A83F}.Debug|Any CPU.Build.0 = Debug|Any CPU
		{E703E6B1-89D8-61BE-9B9C-7A96D8C0A83F}.Release|Any CPU.ActiveCfg = Release|Any CPU
		{E703E6B1-89D8-61BE-9B9C-7A96D8C0A83F}.Release|Any CPU.Build.0 = Release|Any CPU
	EndGlobalSection
	GlobalSection(SolutionProperties) = preSolution
		HideSolutionNode = FALSE
	EndGlobalSection
	GlobalSection(ExtensibilityGlobals) = postSolution
		SolutionGuid = {541DE629-0A64-4FD6-BA8B-3B932BABBFBA}
	EndGlobalSection
EndGlobal
